
Microsoft Visual Studio Solution File, Format Version 12.00
# Visual Studio Version 17
VisualStudioVersion = 17.5.33414.496
MinimumVisualStudioVersion = 10.0.40219.1
Project("{9A19103F-16F7-4668-BE54-9A1E7A4F7556}") = "Vmr.Dependency1.UnitTests", "Vmr.Dependency1.UnitTests\Vmr.Dependency1.UnitTests.csproj", "{C86E67AE-DAF0-482D-B5EA-26152ECD16CD}"
EndProject
Project("{9A19103F-16F7-4668-BE54-9A1E7A4F7556}") = "Vmr.Dependency1.Specs", "Vmr.Dependency1.Specs\Vmr.Dependency1.Specs.csproj", "{97823EB2-EECB-42BB-840F-3F9A544BEE44}"
EndProject
Project("{9A19103F-16F7-4668-BE54-9A1E7A4F7556}") = "Vmr.Dependency1", "Vmr.Dependency1\Vmr.Dependency1.csproj", "{9E7AEF6D-D0F4-4518-9F9B-07ABE2CDE863}"
EndProject
Global
	GlobalSection(SolutionConfigurationPlatforms) = preSolution
		Debug|Any CPU = Debug|Any CPU
		Release|Any CPU = Release|Any CPU
	EndGlobalSection
	GlobalSection(ProjectConfigurationPlatforms) = postSolution
		{C86E67AE-DAF0-482D-B5EA-26152ECD16CD}.Debug|Any CPU.ActiveCfg = Debug|Any CPU
		{C86E67AE-DAF0-482D-B5EA-26152ECD16CD}.Debug|Any CPU.Build.0 = Debug|Any CPU
		{C86E67AE-DAF0-482D-B5EA-26152ECD16CD}.Release|Any CPU.ActiveCfg = Release|Any CPU
		{C86E67AE-DAF0-482D-B5EA-26152ECD16CD}.Release|Any CPU.Build.0 = Release|Any CPU
		{97823EB2-EECB-42BB-840F-3F9A544BEE44}.Debug|Any CPU.ActiveCfg = Debug|Any CPU
		{97823EB2-EECB-42BB-840F-3F9A544BEE44}.Debug|Any CPU.Build.0 = Debug|Any CPU
		{97823EB2-EECB-42BB-840F-3F9A544BEE44}.Release|Any CPU.ActiveCfg = Release|Any CPU
		{97823EB2-EECB-42BB-840F-3F9A544BEE44}.Release|Any CPU.Build.0 = Release|Any CPU
		{9E7AEF6D-D0F4-4518-9F9B-07ABE2CDE863}.Debug|Any CPU.ActiveCfg = Debug|Any CPU
		{9E7AEF6D-D0F4-4518-9F9B-07ABE2CDE863}.Debug|Any CPU.Build.0 = Debug|Any CPU
		{9E7AEF6D-D0F4-4518-9F9B-07ABE2CDE863}.Release|Any CPU.ActiveCfg = Release|Any CPU
		{9E7AEF6D-D0F4-4518-9F9B-07ABE2CDE863}.Release|Any CPU.Build.0 = Release|Any CPU
	EndGlobalSection
	GlobalSection(SolutionProperties) = preSolution
		HideSolutionNode = FALSE
	EndGlobalSection
	GlobalSection(ExtensibilityGlobals) = postSolution
		SolutionGuid = {E97F52DF-40B7-453C-811F-868E0DC7BBC7}
	EndGlobalSection
EndGlobal
