
Microsoft Visual Studio Solution File, Format Version 12.00
# Visual Studio Version 17
VisualStudioVersion = 17.5.33414.496
MinimumVisualStudioVersion = 10.0.40219.1
Project("{FAE04EC0-301F-11D3-BF4B-00C04F79EFBC}") = "Vrm.Dependency1", "Vrm.Dependency1\Vrm.Dependency1.csproj", "{27B7DCF6-1BF2-4868-9297-7C92116D7FEA}"
EndProject
Global
	GlobalSection(SolutionConfigurationPlatforms) = preSolution
		Debug|Any CPU = Debug|Any CPU
		Release|Any CPU = Release|Any CPU
	EndGlobalSection
	GlobalSection(ProjectConfigurationPlatforms) = postSolution
		{27B7DCF6-1BF2-4868-9297-7C92116D7FEA}.Debug|Any CPU.ActiveCfg = Debug|Any CPU
		{27B7DCF6-1BF2-4868-9297-7C92116D7FEA}.Debug|Any CPU.Build.0 = Debug|Any CPU
		{27B7DCF6-1BF2-4868-9297-7C92116D7FEA}.Release|Any CPU.ActiveCfg = Release|Any CPU
		{27B7DCF6-1BF2-4868-9297-7C92116D7FEA}.Release|Any CPU.Build.0 = Release|Any CPU
	EndGlobalSection
	GlobalSection(SolutionProperties) = preSolution
		HideSolutionNode = FALSE
	EndGlobalSection
	GlobalSection(ExtensibilityGlobals) = postSolution
		SolutionGuid = {E97F52DF-40B7-453C-811F-868E0DC7BBC7}
	EndGlobalSection
EndGlobal
